
Microsoft Visual Studio Solution File, Format Version 12.00
# Visual Studio Version 17
VisualStudioVersion = 17.7.34202.233
MinimumVisualStudioVersion = 10.0.40219.1
Project("{9A19103F-16F7-4668-BE54-9A1E7A4F7556}") = "NameSearchApp", "NameSearchApp\NameSearchApp.csproj", "{79D872CD-D15E-48CD-B03A-335A34A8F5D1}"
EndProject
Project("{FAE04EC0-301F-11D3-BF4B-00C04F79EFBC}") = "NameSearchApp.Tests", "NameSearchApp.Tests\NameSearchApp.Tests.csproj", "{C9EBA52E-84B1-437D-A34A-CD5C7A38CA28}"
EndProject
Global
	GlobalSection(SolutionConfigurationPlatforms) = preSolution
		Debug|Any CPU = Debug|Any CPU
		Release|Any CPU = Release|Any CPU
	EndGlobalSection
	GlobalSection(ProjectConfigurationPlatforms) = postSolution
		{79D872CD-D15E-48CD-B03A-335A34A8F5D1}.Debug|Any CPU.ActiveCfg = Debug|Any CPU
		{79D872CD-D15E-48CD-B03A-335A34A8F5D1}.Debug|Any CPU.Build.0 = Debug|Any CPU
		{79D872CD-D15E-48CD-B03A-335A34A8F5D1}.Release|Any CPU.ActiveCfg = Release|Any CPU
		{79D872CD-D15E-48CD-B03A-335A34A8F5D1}.Release|Any CPU.Build.0 = Release|Any CPU
		{C9EBA52E-84B1-437D-A34A-CD5C7A38CA28}.Debug|Any CPU.ActiveCfg = Debug|Any CPU
		{C9EBA52E-84B1-437D-A34A-CD5C7A38CA28}.Debug|Any CPU.Build.0 = Debug|Any CPU
		{C9EBA52E-84B1-437D-A34A-CD5C7A38CA28}.Release|Any CPU.ActiveCfg = Release|Any CPU
		{C9EBA52E-84B1-437D-A34A-CD5C7A38CA28}.Release|Any CPU.Build.0 = Release|Any CPU
	EndGlobalSection
	GlobalSection(SolutionProperties) = preSolution
		HideSolutionNode = FALSE
	EndGlobalSection
	GlobalSection(ExtensibilityGlobals) = postSolution
		SolutionGuid = {079974A2-E7DB-49DB-8719-460C7A1A1926}
	EndGlobalSection
EndGlobal
